NeoBundleLock L9 c822b05ee0886f9a9703227dc85a6d47612c4bf1
NeoBundleLock ZoomWin cf21ce1f4bfec10fe7e446c08e9e647a2a234e03
NeoBundleLock ag.vim 994c27dd8f237573208548e7480e39b24ccbbfba
NeoBundleLock ctrlp.vim 564176f01d7f3f7f8ab452ff4e1f5314de7b0981
NeoBundleLock dash.vim 4b01b6cd20fb77089b4222133c791602d140d901
NeoBundleLock funcoo.vim acb0b4f38f26ecd7760b893ef8c2b2183e280d63
NeoBundleLock fzf.vim c183c9daa99733b8a86d7ddd6717d02d0e855ec1
NeoBundleLock gundo.vim e7fe41024ace9047eee610f23311d44fd9d917c0
NeoBundleLock matchit.zip ced6c409c9beeb0b4142d21906606bd194411d1d
NeoBundleLock neobundle.vim 6bf4fa1cf3cebfed76f5e300949faef0b78fbfbc
NeoBundleLock nerdtree 4ebbb533c3faf2c480211db2b547972bb3b60f2b
NeoBundleLock paredit.vim 791c3a0cc3155f424fba9409a9520eec241c189c
NeoBundleLock ruby-matchit c4d8079287fc8d804d2a92bcb66964d673666540
NeoBundleLock rust.vim 2450ecf3091cc7c2711ca9f00eae8e3bedd04376
NeoBundleLock supertab 66511772a430a5eaad7f7d03dbb02e8f33c4a641
NeoBundleLock syntastic 9847b998fd1fffe30b11075543bd3047ce06d47a
NeoBundleLock tabular 60f25648814f0695eeb6c1040d97adca93c4e0bb
NeoBundleLock tagbar 7b36c46d17d57db34fdb0adac9ba6382d0bb5e66
NeoBundleLock tcomment_vim 7c4277754b6b77fb80b47cd4a7384d1e2d6c1538
NeoBundleLock vim-abolish e6a170cda8ee542ec5f1384c9643d4330ee6b181
NeoBundleLock vim-airline 81b58028f0131ae942fe81dceb6d40abf4f25b93
NeoBundleLock vim-classpath 1ef18a10512fe0f84bb2c412b38e613c331a7b55
NeoBundleLock vim-clojure-static f1c53e290b16885c2eb3fc96e57d9984b627f735
NeoBundleLock vim-coffee-script 32fe889b8cafd3a4921ef8e6485156453ff58c42
NeoBundleLock vim-dispatch fc8d1e68cd58fb3ffdd56109bf855cda92b10b70
NeoBundleLock vim-easymotion a6b3c10b417d90d6751352b53826f94062ff466d
NeoBundleLock vim-elixir 5fc5ab146e80b0fdf4a434953eef57164461da2e
NeoBundleLock vim-endwise 0067ceda37725d01b7bd5bf249d63b1b5d4e2ab4
NeoBundleLock vim-fireplace 3ff305d3eb03e28843859220ac5e4481d51794ff
NeoBundleLock vim-fugitive bdd216827ae53cdf70d933bb30762da9bf42cad4
NeoBundleLock vim-golang e6d0c6a72a66af2674b96233c4747661e0f47a8c
NeoBundleLock vim-haml 1f2e47c78c2faf90ff419c2f4e1241094844678c
NeoBundleLock vim-indent-object 1d3e4aac0117d57c3e1aaaa7e5a99f1d7553e01b
NeoBundleLock vim-jade 0a7ec2edaa3f7fbe353f8fd5bf06d3c043d70c81
NeoBundleLock vim-javascript 1833982f70496c5d93dd3ffcdf14debecac12aee
NeoBundleLock vim-less 6fae407f7ed666a6dd0fb596e67df8787dccca59
NeoBundleLock vim-markdown 4260faa48f5b89261f1168d4a1ad195106f5959c
NeoBundleLock vim-mustache-handlebars d1c983f3dd9a159c128c5192062caf7d47fd0f14
NeoBundleLock vim-rails b131dc94bb4f9f1a620ed2e7f1a8a2f497df5661
NeoBundleLock vim-rake 82ad45543f0d13dfa7d3f59ca4cd54d0e145417f
NeoBundleLock vim-repeat 7a6675f092842c8f81e71d5345bd7cdbf3759415
NeoBundleLock vim-rspec 2cf8c5002cb89eb8e9aabe59d25b89dc5afec88a
NeoBundleLock vim-ruby 666adb5bcdfb2d21572a58fcdf7545a26bac32a0
NeoBundleLock vim-scala e590ca15ea8a35dd9f70f03273ee36ba6b6cb08b
NeoBundleLock vim-slim 0daaa8581f9a9968cebbc7d14ae9acf1625c0389
NeoBundleLock vim-stylus 0514757a4795843978517ee73d7fa7d8bf2e5545
NeoBundleLock vim-surround 2d05440ad23f97a7874ebd9b5de3a0e65d25d85c
NeoBundleLock vim-unimpaired 11dc568dbfd7a56866a4354c737515769f08e9fe
NeoBundleLock vimerl 59a1af42f95b339bf4932d1d33665489ea4167c4
